
Microsoft Visual Studio Solution File, Format Version 11.00
# Visual Studio 2010
Project("{8BC9CEB8-8B4A-11D0-8D11-00A0C91BC942}") = "GpuVoxels", "GpuVoxels\GpuVoxels.vcxproj", "{5C9D0CCF-6084-4C57-A6A3-628F6A9FC7FB}"
EndProject
Global
	GlobalSection(SolutionConfigurationPlatforms) = preSolution
		Debug|Win32 = Debug|Win32
		Release|Win32 = Release|Win32
	EndGlobalSection
	GlobalSection(ProjectConfigurationPlatforms) = postSolution
		{5C9D0CCF-6084-4C57-A6A3-628F6A9FC7FB}.Debug|Win32.ActiveCfg = Debug|Win32
		{5C9D0CCF-6084-4C57-A6A3-628F6A9FC7FB}.Debug|Win32.Build.0 = Debug|Win32
		{5C9D0CCF-6084-4C57-A6A3-628F6A9FC7FB}.Release|Win32.ActiveCfg = Release|Win32
		{5C9D0CCF-6084-4C57-A6A3-628F6A9FC7FB}.Release|Win32.Build.0 = Release|Win32
	EndGlobalSection
	GlobalSection(SolutionProperties) = preSolution
		HideSolutionNode = FALSE
	EndGlobalSection
EndGlobal
